{
    "_readme": [
        "This file locks the dependencies of your project to a known state",
        "Read more about it at https://getcomposer.org/doc/01-basic-usage.md#composer-lock-the-lock-file",
        "This file is @generated automatically"
    ],
    "hash": "7c975b51aa10cebc6619fdb16c2a7278",
    "content-hash": "a321032c0f9fa91d27f0c0468a05864c",
    "packages": [
        {
            "name": "yoomoney/yookassa-sdk-php",
            "version": "2.0.3",
            "source": {
                "type": "git",
                "url": "https://github.com/yoomoney/yookassa-sdk-php.git",
                "reference": "427c05f0cf31ee0ac3afcaedcc9c9b65ea4f352b"
            },
            "dist": {
                "type": "zip",
                "url": "https://api.github.com/repos/yoomoney/yookassa-sdk-php/zipball/427c05f0cf31ee0ac3afcaedcc9c9b65ea4f352b",
                "reference": "427c05f0cf31ee0ac3afcaedcc9c9b65ea4f352b",
                "shasum": ""
            },
            "require": {
                "ext-curl": "*",
                "ext-json": "*",
                "ext-mbstring": "*",
                "php": ">=5.3.0",
                "psr/log": "^1.0"
            },
            "require-dev": {
                "ext-xml": "*",
                "mockery/mockery": "^0.9.9",
                "phpunit/phpunit": "^4.8.35 || ^5.7"
            },
            "type": "library",
            "autoload": {
                "psr-4": {
                    "YooKassa\\": "lib/"
                }
            },
            "notification-url": "https://packagist.org/downloads/",
            "license": [
                "MIT"
            ],
            "authors": [
                {
                    "name": "YooMoney",
                    "email": "cms@yoomoney.ru"
                }
            ],
            "description": "This is a developer tool for integration with YooMoney.",
            "homepage": "https://yookassa.ru/developers/api",
            "keywords": [
                "api",
                "payments",
                "sdk",
                "yookassa",
                "yoomoney"
            ],
            "time": "2020-12-10 06:27:14"
        }
    ],
    "packages-dev": [],
    "aliases": [],
    "minimum-stability": "stable",
    "stability-flags": [],
    "prefer-stable": false,
    "prefer-lowest": false,
    "platform": [],
    "platform-dev": []
}
